// !$*UTF8*$!
{
	archiveVersion = 1;
	classes = {
	};
	objectVersion = 55;
	objects = {

/* Begin PBXBuildFile section */
		5C67AE572876C3ED0070532A /* SwiftDemoIpshitaApp.swift in Sources */ = {isa = PBXBuildFile; fileRef = 5C67AE562876C3ED0070532A /* SwiftDemoIpshitaApp.swift */; };
		5C67AE5E2876C3F30070532A /* Preview Assets.xcassets in Resources */ = {isa = PBXBuildFile; fileRef = 5C67AE5D2876C3F30070532A /* Preview Assets.xcassets */; };
		5C67AE762876C6120070532A /* SwiftDemoipApp.swift in Sources */ = {isa = PBXBuildFile; fileRef = 5C67AE642876C6100070532A /* SwiftDemoipApp.swift */; };
		5C67AE772876C6120070532A /* TextFields.swift in Sources */ = {isa = PBXBuildFile; fileRef = 5C67AE652876C6100070532A /* TextFields.swift */; };
		5C67AE792876C6120070532A /* LoginPageView.swift in Sources */ = {isa = PBXBuildFile; fileRef = 5C67AE672876C6110070532A /* LoginPageView.swift */; };
		5C67AE7A2876C6120070532A /* ViewModifier.swift in Sources */ = {isa = PBXBuildFile; fileRef = 5C67AE682876C6110070532A /* ViewModifier.swift */; };
		5C67AE7D2876C6120070532A /* Launch Screen.storyboard in Resources */ = {isa = PBXBuildFile; fileRef = 5C67AE6B2876C6110070532A /* Launch Screen.storyboard */; };
		5C67AE7E2876C6120070532A /* ContentView.swift in Sources */ = {isa = PBXBuildFile; fileRef = 5C67AE6C2876C6110070532A /* ContentView.swift */; };
		5C67AE7F2876C6120070532A /* Customs in Resources */ = {isa = PBXBuildFile; fileRef = 5C67AE6D2876C6110070532A /* Customs */; };
		5C67AE802876C6120070532A /* SocialsButton.swift in Sources */ = {isa = PBXBuildFile; fileRef = 5C67AE6E2876C6110070532A /* SocialsButton.swift */; };
		5C67AE812876C6120070532A /* Assets.xcassets in Resources */ = {isa = PBXBuildFile; fileRef = 5C67AE6F2876C6110070532A /* Assets.xcassets */; };
		5C67AE842876C6120070532A /* NewLoginPageView.swift in Sources */ = {isa = PBXBuildFile; fileRef = 5C67AE722876C6120070532A /* NewLoginPageView.swift */; };
		5C67AE852876C6120070532A /* NewSignUpView.swift in Sources */ = {isa = PBXBuildFile; fileRef = 5C67AE732876C6120070532A /* NewSignUpView.swift */; };
		5C67AE872876C6120070532A /* SecureTextFields.swift in Sources */ = {isa = PBXBuildFile; fileRef = 5C67AE752876C6120070532A /* SecureTextFields.swift */; };
/* End PBXBuildFile section */

/* Begin PBXFileReference section */
		5C67AE532876C3ED0070532A /* SwiftDemoIpshita.app */ = {isa = PBXFileReference; explicitFileType = wrapper.application; includeInIndex = 0; path = SwiftDemoIpshita.app; sourceTree = BUILT_PRODUCTS_DIR; };
		5C67AE562876C3ED0070532A /* SwiftDemoIpshitaApp.swift */ = {isa = PBXFileReference; lastKnownFileType = sourcecode.swift; path = SwiftDemoIpshitaApp.swift; sourceTree = "<group>"; };
		5C67AE5D2876C3F30070532A /* Preview Assets.xcassets */ = {isa = PBXFileReference; lastKnownFileType = folder.assetcatalog; path = "Preview Assets.xcassets"; sourceTree = "<group>"; };
		5C67AE642876C6100070532A /* SwiftDemoipApp.swift */ = {isa = PBXFileReference; fileEncoding = 4; lastKnownFileType = sourcecode.swift; path = SwiftDemoipApp.swift; sourceTree = "<group>"; };
		5C67AE652876C6100070532A /* TextFields.swift */ = {isa = PBXFileReference; fileEncoding = 4; lastKnownFileType = sourcecode.swift; path = TextFields.swift; sourceTree = "<group>"; };
		5C67AE672876C6110070532A /* LoginPageView.swift */ = {isa = PBXFileReference; fileEncoding = 4; lastKnownFileType = sourcecode.swift; path = LoginPageView.swift; sourceTree = "<group>"; };
		5C67AE682876C6110070532A /* ViewModifier.swift */ = {isa = PBXFileReference; fileEncoding = 4; lastKnownFileType = sourcecode.swift; path = ViewModifier.swift; sourceTree = "<group>"; };
		5C67AE6B2876C6110070532A /* Launch Screen.storyboard */ = {isa = PBXFileReference; fileEncoding = 4; lastKnownFileType = file.storyboard; path = "Launch Screen.storyboard"; sourceTree = "<group>"; };
		5C67AE6C2876C6110070532A /* ContentView.swift */ = {isa = PBXFileReference; fileEncoding = 4; lastKnownFileType = sourcecode.swift; name = ContentView.swift; path = ../../SwiftDemoip/SwiftDemoip/ContentView.swift; sourceTree = "<group>"; };
		5C67AE6D2876C6110070532A /* Customs */ = {isa = PBXFileReference; lastKnownFileType = folder; path = Customs; sourceTree = "<group>"; };
		5C67AE6E2876C6110070532A /* SocialsButton.swift */ = {isa = PBXFileReference; fileEncoding = 4; lastKnownFileType = sourcecode.swift; path = SocialsButton.swift; sourceTree = "<group>"; };
		5C67AE6F2876C6110070532A /* Assets.xcassets */ = {isa = PBXFileReference; lastKnownFileType = folder.assetcatalog; name = Assets.xcassets; path = ../../SwiftDemoip/SwiftDemoip/Assets.xcassets; sourceTree = "<group>"; };
		5C67AE722876C6120070532A /* NewLoginPageView.swift */ = {isa = PBXFileReference; fileEncoding = 4; lastKnownFileType = sourcecode.swift; path = NewLoginPageView.swift; sourceTree = "<group>"; };
		5C67AE732876C6120070532A /* NewSignUpView.swift */ = {isa = PBXFileReference; fileEncoding = 4; lastKnownFileType = sourcecode.swift; path = NewSignUpView.swift; sourceTree = "<group>"; };
		5C67AE752876C6120070532A /* SecureTextFields.swift */ = {isa = PBXFileReference; fileEncoding = 4; lastKnownFileType = sourcecode.swift; path = SecureTextFields.swift; sourceTree = "<group>"; };
/* End PBXFileReference section */

/* Begin PBXFrameworksBuildPhase section */
		5C67AE502876C3ED0070532A /* Frameworks */ = {
			isa = PBXFrameworksBuildPhase;
			buildActionMask = 2147483647;
			files = (
			);
			runOnlyForDeploymentPostprocessing = 0;
		};
/* End PBXFrameworksBuildPhase section */

/* Begin PBXGroup section */
		5C67AE4A2876C3ED0070532A = {
			isa = PBXGroup;
			children = (
				5C67AE552876C3ED0070532A /* SwiftDemoIpshita */,
				5C67AE542876C3ED0070532A /* Products */,
			);
			sourceTree = "<group>";
		};
		5C67AE542876C3ED0070532A /* Products */ = {
			isa = PBXGroup;
			children = (
				5C67AE532876C3ED0070532A /* SwiftDemoIpshita.app */,
			);
			name = Products;
			sourceTree = "<group>";
		};
		5C67AE552876C3ED0070532A /* SwiftDemoIpshita */ = {
			isa = PBXGroup;
			children = (
				5C67AE6C2876C6110070532A /* ContentView.swift */,
				5C67AE6D2876C6110070532A /* Customs */,
				5C67AE6B2876C6110070532A /* Launch Screen.storyboard */,
				5C67AE672876C6110070532A /* LoginPageView.swift */,
				5C67AE722876C6120070532A /* NewLoginPageView.swift */,
				5C67AE732876C6120070532A /* NewSignUpView.swift */,
				5C67AE752876C6120070532A /* SecureTextFields.swift */,
				5C67AE6E2876C6110070532A /* SocialsButton.swift */,
				5C67AE642876C6100070532A /* SwiftDemoipApp.swift */,
				5C67AE652876C6100070532A /* TextFields.swift */,
				5C67AE682876C6110070532A /* ViewModifier.swift */,
				5C67AE562876C3ED0070532A /* SwiftDemoIpshitaApp.swift */,
				5C67AE6F2876C6110070532A /* Assets.xcassets */,
				5C67AE5C2876C3F30070532A /* Preview Content */,
			);
			path = SwiftDemoIpshita;
			sourceTree = "<group>";
		};
		5C67AE5C2876C3F30070532A /* Preview Content */ = {
			isa = PBXGroup;
			children = (
				5C67AE5D2876C3F30070532A /* Preview Assets.xcassets */,
			);
			path = "Preview Content";
			sourceTree = "<group>";
		};
/* End PBXGroup section */

/* Begin PBXNativeTarget section */
		5C67AE522876C3ED0070532A /* SwiftDemoIpshita */ = {
			isa = PBXNativeTarget;
			buildConfigurationList = 5C67AE612876C3F30070532A /* Build configuration list for PBXNativeTarget "SwiftDemoIpshita" */;
			buildPhases = (
				5C67AE4F2876C3ED0070532A /* Sources */,
				5C67AE502876C3ED0070532A /* Frameworks */,
				5C67AE512876C3ED0070532A /* Resources */,
			);
			buildRules = (
			);
			dependencies = (
			);
			name = SwiftDemoIpshita;
			productName = SwiftDemoIpshita;
			productReference = 5C67AE532876C3ED0070532A /* SwiftDemoIpshita.app */;
			productType = "com.apple.product-type.application";
		};
/* End PBXNativeTarget section */

/* Begin PBXProject section */
		5C67AE4B2876C3ED0070532A /* Project object */ = {
			isa = PBXProject;
			attributes = {
				BuildIndependentTargetsInParallel = 1;
				LastSwiftUpdateCheck = 1340;
				LastUpgradeCheck = 1340;
				TargetAttributes = {
					5C67AE522876C3ED0070532A = {
						CreatedOnToolsVersion = 13.4.1;
					};
				};
			};
			buildConfigurationList = 5C67AE4E2876C3ED0070532A /* Build configuration list for PBXProject "SwiftDemoIpshita" */;
			compatibilityVersion = "Xcode 13.0";
			developmentRegion = en;
			hasScannedForEncodings = 0;
			knownRegions = (
				en,
				Base,
			);
			mainGroup = 5C67AE4A2876C3ED0070532A;
			productRefGroup = 5C67AE542876C3ED0070532A /* Products */;
			projectDirPath = "";
			projectRoot = "";
			targets = (
				5C67AE522876C3ED0070532A /* SwiftDemoIpshita */,
			);
		};
/* End PBXProject section */

/* Begin PBXResourcesBuildPhase section */
		5C67AE512876C3ED0070532A /* Resources */ = {
			isa = PBXResourcesBuildPhase;
			buildActionMask = 2147483647;
			files = (
				5C67AE7D2876C6120070532A /* Launch Screen.storyboard in Resources */,
				5C67AE7F2876C6120070532A /* Customs in Resources */,
				5C67AE5E2876C3F30070532A /* Preview Assets.xcassets in Resources */,
				5C67AE812876C6120070532A /* Assets.xcassets in Resources */,
			);
			runOnlyForDeploymentPostprocessing = 0;
		};
/* End PBXResourcesBuildPhase section */

/* Begin PBXSourcesBuildPhase section */
		5C67AE4F2876C3ED0070532A /* Sources */ = {
			isa = PBXSourcesBuildPhase;
			buildActionMask = 2147483647;
			files = (
				5C67AE572876C3ED0070532A /* SwiftDemoIpshitaApp.swift in Sources */,
				5C67AE852876C6120070532A /* NewSignUpView.swift in Sources */,
				5C67AE872876C6120070532A /* SecureTextFields.swift in Sources */,
				5C67AE762876C6120070532A /* SwiftDemoipApp.swift in Sources */,
				5C67AE842876C6120070532A /* NewLoginPageView.swift in Sources */,
				5C67AE802876C6120070532A /* SocialsButton.swift in Sources */,
				5C67AE772876C6120070532A /* TextFields.swift in Sources */,
				5C67AE7A2876C6120070532A /* ViewModifier.swift in Sources */,
				5C67AE7E2876C6120070532A /* ContentView.swift in Sources */,
				5C67AE792876C6120070532A /* LoginPageView.swift in Sources */,
			);
			runOnlyForDeploymentPostprocessing = 0;
		};
/* End PBXSourcesBuildPhase section */

/* Begin XCBuildConfiguration section */
		5C67AE5F2876C3F30070532A /* Debug */ = {
			isa = XCBuildConfiguration;
			buildSettings = {
				ALWAYS_SEARCH_USER_PATHS = NO;
				CLANG_ANALYZER_NONNULL = YES;
				CLANG_ANALYZER_NUMBER_OBJECT_CONVERSION = YES_AGGRESSIVE;
				CLANG_CXX_LANGUAGE_STANDARD = "gnu++17";
				CLANG_ENABLE_MODULES = YES;
				CLANG_ENABLE_OBJC_ARC = YES;
				CLANG_ENABLE_OBJC_WEAK = YES;
				CLANG_WARN_BLOCK_CAPTURE_AUTORELEASING = YES;
				CLANG_WARN_BOOL_CONVERSION = YES;
				CLANG_WARN_COMMA = YES;
				CLANG_WARN_CONSTANT_CONVERSION = YES;
				CLANG_WARN_DEPRECATED_OBJC_IMPLEMENTATIONS = YES;
				CLANG_WARN_DIRECT_OBJC_ISA_USAGE = YES_ERROR;
				CLANG_WARN_DOCUMENTATION_COMMENTS = YES;
				CLANG_WARN_EMPTY_BODY = YES;
				CLANG_WARN_ENUM_CONVERSION = YES;
				CLANG_WARN_INFINITE_RECURSION = YES;
				CLANG_WARN_INT_CONVERSION = YES;
				CLANG_WARN_NON_LITERAL_NULL_CONVERSION = YES;
				CLANG_WARN_OBJC_IMPLICIT_RETAIN_SELF = YES;
				CLANG_WARN_OBJC_LITERAL_CONVERSION = YES;
				CLANG_WARN_OBJC_ROOT_CLASS = YES_ERROR;
				CLANG_WARN_QUOTED_INCLUDE_IN_FRAMEWORK_HEADER = YES;
				CLANG_WARN_RANGE_LOOP_ANALYSIS = YES;
				CLANG_WARN_STRICT_PROTOTYPES = YES;
				CLANG_WARN_SUSPICIOUS_MOVE = YES;
				CLANG_WARN_UNGUARDED_AVAILABILITY = YES_AGGRESSIVE;
				CLANG_WARN_UNREACHABLE_CODE = YES;
				CLANG_WARN__DUPLICATE_METHOD_MATCH = YES;
				COPY_PHASE_STRIP = NO;
				DEBUG_INFORMATION_FORMAT = dwarf;
				ENABLE_STRICT_OBJC_MSGSEND = YES;
				ENABLE_TESTABILITY = YES;
				GCC_C_LANGUAGE_STANDARD = gnu11;
				GCC_DYNAMIC_NO_PIC = NO;
				GCC_NO_COMMON_BLOCKS = YES;
				GCC_OPTIMIZATION_LEVEL = 0;
				GCC_PREPROCESSOR_DEFINITIONS = (
					"DEBUG=1",
					"$(inherited)",
				);
				GCC_WARN_64_TO_32_BIT_CONVERSION = YES;
				GCC_WARN_ABOUT_RETURN_TYPE = YES_ERROR;
				GCC_WARN_UNDECLARED_SELECTOR = YES;
				GCC_WARN_UNINITIALIZED_AUTOS = YES_AGGRESSIVE;
				GCC_WARN_UNUSED_FUNCTION = YES;
				GCC_WARN_UNUSED_VARIABLE = YES;
				IPHONEOS_DEPLOYMENT_TARGET = 15.5;
				MTL_ENABLE_DEBUG_INFO = INCLUDE_SOURCE;
				MTL_FAST_MATH = YES;
				ONLY_ACTIVE_ARCH = YES;
				SDKROOT = iphoneos;
				SWIFT_ACTIVE_COMPILATION_CONDITIONS = DEBUG;
				SWIFT_OPTIMIZATION_LEVEL = "-Onone";
			};
			name = Debug;
		};
		5C67AE602876C3F30070532A /* Release */ = {
			isa = XCBuildConfiguration;
			buildSettings = {
				ALWAYS_SEARCH_USER_PATHS = NO;
				CLANG_ANALYZER_NONNULL = YES;
				CLANG_ANALYZER_NUMBER_OBJECT_CONVERSION = YES_AGGRESSIVE;
				CLANG_CXX_LANGUAGE_STANDARD = "gnu++17";
				CLANG_ENABLE_MODULES = YES;
				CLANG_ENABLE_OBJC_ARC = YES;
				CLANG_ENABLE_OBJC_WEAK = YES;
				CLANG_WARN_BLOCK_CAPTURE_AUTORELEASING = YES;
				CLANG_WARN_BOOL_CONVERSION = YES;
				CLANG_WARN_COMMA = YES;
				CLANG_WARN_CONSTANT_CONVERSION = YES;
				CLANG_WARN_DEPRECATED_OBJC_IMPLEMENTATIONS = YES;
				CLANG_WARN_DIRECT_OBJC_ISA_USAGE = YES_ERROR;
				CLANG_WARN_DOCUMENTATION_COMMENTS = YES;
				CLANG_WARN_EMPTY_BODY = YES;
				CLANG_WARN_ENUM_CONVERSION = YES;
				CLANG_WARN_INFINITE_RECURSION = YES;
				CLANG_WARN_INT_CONVERSION = YES;
				CLANG_WARN_NON_LITERAL_NULL_CONVERSION = YES;
				CLANG_WARN_OBJC_IMPLICIT_RETAIN_SELF = YES;
				CLANG_WARN_OBJC_LITERAL_CONVERSION = YES;
				CLANG_WARN_OBJC_ROOT_CLASS = YES_ERROR;
				CLANG_WARN_QUOTED_INCLUDE_IN_FRAMEWORK_HEADER = YES;
				CLANG_WARN_RANGE_LOOP_ANALYSIS = YES;
				CLANG_WARN_STRICT_PROTOTYPES = YES;
				CLANG_WARN_SUSPICIOUS_MOVE = YES;
				CLANG_WARN_UNGUARDED_AVAILABILITY = YES_AGGRESSIVE;
				CLANG_WARN_UNREACHABLE_CODE = YES;
				CLANG_WARN__DUPLICATE_METHOD_MATCH = YES;
				COPY_PHASE_STRIP = NO;
				DEBUG_INFORMATION_FORMAT = "dwarf-with-dsym";
				ENABLE_NS_ASSERTIONS = NO;
				ENABLE_STRICT_OBJC_MSGSEND = YES;
				GCC_C_LANGUAGE_STANDARD = gnu11;
				GCC_NO_COMMON_BLOCKS = YES;
				GCC_WARN_64_TO_32_BIT_CONVERSION = YES;
				GCC_WARN_ABOUT_RETURN_TYPE = YES_ERROR;
				GCC_WARN_UNDECLARED_SELECTOR = YES;
				GCC_WARN_UNINITIALIZED_AUTOS = YES_AGGRESSIVE;
				GCC_WARN_UNUSED_FUNCTION = YES;
				GCC_WARN_UNUSED_VARIABLE = YES;
				IPHONEOS_DEPLOYMENT_TARGET = 15.5;
				MTL_ENABLE_DEBUG_INFO = NO;
				MTL_FAST_MATH = YES;
				SDKROOT = iphoneos;
				SWIFT_COMPILATION_MODE = wholemodule;
				SWIFT_OPTIMIZATION_LEVEL = "-O";
				VALIDATE_PRODUCT = YES;
			};
			name = Release;
		};
		5C67AE622876C3F30070532A /* Debug */ = {
			isa = XCBuildConfiguration;
			buildSettings = {
				ASSETCATALOG_COMPILER_APPICON_NAME = AppIcon;
				ASSETCATALOG_COMPILER_GLOBAL_ACCENT_COLOR_NAME = AccentColor;
				CODE_SIGN_STYLE = Automatic;
				CURRENT_PROJECT_VERSION = 1;
				DEVELOPMENT_ASSET_PATHS = "\"SwiftDemoIpshita/Preview Content\"";
				ENABLE_PREVIEWS = YES;
				GENERATE_INFOPLIST_FILE = YES;
				INFOPLIST_KEY_UIApplicationSceneManifest_Generation = YES;
				INFOPLIST_KEY_UIApplicationSupportsIndirectInputEvents = YES;
				INFOPLIST_KEY_UILaunchScreen_Generation = YES;
				INFOPLIST_KEY_UISupportedInterfaceOrientations_iPad = "UIInterfaceOrientationPortrait UIInterfaceOrientationPortraitUpsideDown UIInterfaceOrientationLandscapeLeft UIInterfaceOrientationLandscapeRight";
				INFOPLIST_KEY_UISupportedInterfaceOrientations_iPhone = "UIInterfaceOrientationPortrait UIInterfaceOrientationLandscapeLeft UIInterfaceOrientationLandscapeRight";
				LD_RUNPATH_SEARCH_PATHS = (
					"$(inherited)",
					"@executable_path/Frameworks",
				);
				MARKETING_VERSION = 1.0;
				PRODUCT_BUNDLE_IDENTIFIER = swiftydemoip.com.SwiftDemoIpshita;
				PRODUCT_NAME = "$(TARGET_NAME)";
				SWIFT_EMIT_LOC_STRINGS = YES;
				SWIFT_VERSION = 5.0;
				TARGETED_DEVICE_FAMILY = "1,2";
			};
			name = Debug;
		};
		5C67AE632876C3F30070532A /* Release */ = {
			isa = XCBuildConfiguration;
			buildSettings = {
				ASSETCATALOG_COMPILER_APPICON_NAME = AppIcon;
				ASSETCATALOG_COMPILER_GLOBAL_ACCENT_COLOR_NAME = AccentColor;
				CODE_SIGN_STYLE = Automatic;
				CURRENT_PROJECT_VERSION = 1;
				DEVELOPMENT_ASSET_PATHS = "\"SwiftDemoIpshita/Preview Content\"";
				ENABLE_PREVIEWS = YES;
				GENERATE_INFOPLIST_FILE = YES;
				INFOPLIST_KEY_UIApplicationSceneManifest_Generation = YES;
				INFOPLIST_KEY_UIApplicationSupportsIndirectInputEvents = YES;
				INFOPLIST_KEY_UILaunchScreen_Generation = YES;
				INFOPLIST_KEY_UISupportedInterfaceOrientations_iPad = "UIInterfaceOrientationPortrait UIInterfaceOrientationPortraitUpsideDown UIInterfaceOrientationLandscapeLeft UIInterfaceOrientationLandscapeRight";
				INFOPLIST_KEY_UISupportedInterfaceOrientations_iPhone = "UIInterfaceOrientationPortrait UIInterfaceOrientationLandscapeLeft UIInterfaceOrientationLandscapeRight";
				LD_RUNPATH_SEARCH_PATHS = (
					"$(inherited)",
					"@executable_path/Frameworks",
				);
				MARKETING_VERSION = 1.0;
				PRODUCT_BUNDLE_IDENTIFIER = swiftydemoip.com.SwiftDemoIpshita;
				PRODUCT_NAME = "$(TARGET_NAME)";
				SWIFT_EMIT_LOC_STRINGS = YES;
				SWIFT_VERSION = 5.0;
				TARGETED_DEVICE_FAMILY = "1,2";
			};
			name = Release;
		};
/* End XCBuildConfiguration section */

/* Begin XCConfigurationList section */
		5C67AE4E2876C3ED0070532A /* Build configuration list for PBXProject "SwiftDemoIpshita" */ = {
			isa = XCConfigurationList;
			buildConfigurations = (
				5C67AE5F2876C3F30070532A /* Debug */,
				5C67AE602876C3F30070532A /* Release */,
			);
			defaultConfigurationIsVisible = 0;
			defaultConfigurationName = Release;
		};
		5C67AE612876C3F30070532A /* Build configuration list for PBXNativeTarget "SwiftDemoIpshita" */ = {
			isa = XCConfigurationList;
			buildConfigurations = (
				5C67AE622876C3F30070532A /* Debug */,
				5C67AE632876C3F30070532A /* Release */,
			);
			defaultConfigurationIsVisible = 0;
			defaultConfigurationName = Release;
		};
/* End XCConfigurationList section */
	};
	rootObject = 5C67AE4B2876C3ED0070532A /* Project object */;
}
